// !$*UTF8*$!
{
	archiveVersion = 1;
	classes = {
	};
	objectVersion = 56;
	objects = {

/* Begin PBXBuildFile section */
		44064C752C26ED8E00AB5227 /* Commissioner-Medium.ttf in Resources */ = {isa = PBXBuildFile; fileRef = 44064C742C26ED8E00AB5227 /* Commissioner-Medium.ttf */; };
		44064C772C26ED9500AB5227 /* Commissioner-SemiBold.ttf in Resources */ = {isa = PBXBuildFile; fileRef = 44064C762C26ED9500AB5227 /* Commissioner-SemiBold.ttf */; };
		44064C792C26ED9D00AB5227 /* Commissioner-Regular.ttf in Resources */ = {isa = PBXBuildFile; fileRef = 44064C782C26ED9D00AB5227 /* Commissioner-Regular.ttf */; };
		44064C7B2C26EEB800AB5227 /* SF-Pro-Rounded-Semibold.otf in Resources */ = {isa = PBXBuildFile; fileRef = 44064C7A2C26EEB800AB5227 /* SF-Pro-Rounded-Semibold.otf */; };
		44064C7D2C26EEC100AB5227 /* SF-Pro-Rounded-Regular.otf in Resources */ = {isa = PBXBuildFile; fileRef = 44064C7C2C26EEC100AB5227 /* SF-Pro-Rounded-Regular.otf */; };
		44064C7F2C26EEF200AB5227 /* Montserrat-Bold.ttf in Resources */ = {isa = PBXBuildFile; fileRef = 44064C7E2C26EEF200AB5227 /* Montserrat-Bold.ttf */; };
		44064C812C26F0E800AB5227 /* Border.swift in Sources */ = {isa = PBXBuildFile; fileRef = 44064C802C26F0E800AB5227 /* Border.swift */; };
		44064C862C26F8A500AB5227 /* Commissioner-VariableFont_wght.ttf in Resources */ = {isa = PBXBuildFile; fileRef = 44064C852C26F8A500AB5227 /* Commissioner-VariableFont_wght.ttf */; };
		44064C892C27042100AB5227 /* StartViewController.swift in Sources */ = {isa = PBXBuildFile; fileRef = 44064C882C27042100AB5227 /* StartViewController.swift */; };
		44064C8B2C28516C00AB5227 /* VhodViewController.swift in Sources */ = {isa = PBXBuildFile; fileRef = 44064C8A2C28516C00AB5227 /* VhodViewController.swift */; };
		44064C8D2C285DA600AB5227 /* RegistrViewController.swift in Sources */ = {isa = PBXBuildFile; fileRef = 44064C8C2C285DA600AB5227 /* RegistrViewController.swift */; };
		44064C8F2C285F7C00AB5227 /* TextFieldFormat.swift in Sources */ = {isa = PBXBuildFile; fileRef = 44064C8E2C285F7C00AB5227 /* TextFieldFormat.swift */; };
		44064C922C2861B900AB5227 /* Alamofire in Frameworks */ = {isa = PBXBuildFile; productRef = 44064C912C2861B900AB5227 /* Alamofire */; };
		44064C972C2861CA00AB5227 /* SwiftyJSON in Frameworks */ = {isa = PBXBuildFile; productRef = 44064C962C2861CA00AB5227 /* SwiftyJSON */; };
		44064C9A2C2861D700AB5227 /* SDWebImage in Frameworks */ = {isa = PBXBuildFile; productRef = 44064C992C2861D700AB5227 /* SDWebImage */; };
		44064C9C2C2861D700AB5227 /* SDWebImageMapKit in Frameworks */ = {isa = PBXBuildFile; productRef = 44064C9B2C2861D700AB5227 /* SDWebImageMapKit */; };
		44064C9E2C28628000AB5227 /* Sign.swift in Sources */ = {isa = PBXBuildFile; fileRef = 44064C9D2C28628000AB5227 /* Sign.swift */; };
		44064CA02C28634C00AB5227 /* Model.swift in Sources */ = {isa = PBXBuildFile; fileRef = 44064C9F2C28634C00AB5227 /* Model.swift */; };
		44064CA42C2876F200AB5227 /* Errors.swift in Sources */ = {isa = PBXBuildFile; fileRef = 44064CA32C2876F200AB5227 /* Errors.swift */; };
		44064CA62C28773E00AB5227 /* Error.swift in Sources */ = {isa = PBXBuildFile; fileRef = 44064CA52C28773E00AB5227 /* Error.swift */; };
		440DAB342C1748D400C576FB /* AppDelegate.swift in Sources */ = {isa = PBXBuildFile; fileRef = 440DAB332C1748D400C576FB /* AppDelegate.swift */; };
		440DAB362C1748D400C576FB /* SceneDelegate.swift in Sources */ = {isa = PBXBuildFile; fileRef = 440DAB352C1748D400C576FB /* SceneDelegate.swift */; };
		440DAB3B2C1748D400C576FB /* Base in Resources */ = {isa = PBXBuildFile; fileRef = 440DAB3A2C1748D400C576FB /* Base */; };
		440DAB3D2C1748D600C576FB /* Assets.xcassets in Resources */ = {isa = PBXBuildFile; fileRef = 440DAB3C2C1748D600C576FB /* Assets.xcassets */; };
		440DAB402C1748D600C576FB /* Base in Resources */ = {isa = PBXBuildFile; fileRef = 440DAB3F2C1748D600C576FB /* Base */; };
		4442F3D82C31BFDB00203A36 /* PageLayout.swift in Sources */ = {isa = PBXBuildFile; fileRef = 4442F3D72C31BFDB00203A36 /* PageLayout.swift */; };
		444A07012C2B9D6C008F4E68 /* Extension.swift in Sources */ = {isa = PBXBuildFile; fileRef = 444A07002C2B9D6C008F4E68 /* Extension.swift */; };
		449CF0D72C33706B000D4528 /* CoursesViewController.swift in Sources */ = {isa = PBXBuildFile; fileRef = 449CF0D62C33706B000D4528 /* CoursesViewController.swift */; };
		449CF0D92C337099000D4528 /* CatalogViewController.swift in Sources */ = {isa = PBXBuildFile; fileRef = 449CF0D82C337099000D4528 /* CatalogViewController.swift */; };
		449CF0DB2C3370CA000D4528 /* CoursesCollectionViewCell.swift in Sources */ = {isa = PBXBuildFile; fileRef = 449CF0DA2C3370CA000D4528 /* CoursesCollectionViewCell.swift */; };
		449CF0DD2C3370E0000D4528 /* CategoriesCollectionViewCell.swift in Sources */ = {isa = PBXBuildFile; fileRef = 449CF0DC2C3370E0000D4528 /* CategoriesCollectionViewCell.swift */; };
		449CF0DF2C337100000D4528 /* Commissioner-Bold.ttf in Resources */ = {isa = PBXBuildFile; fileRef = 449CF0DE2C337100000D4528 /* Commissioner-Bold.ttf */; };
		44BD6CDA2C407864001645A0 /* ReviewsCollectionViewCell.swift in Sources */ = {isa = PBXBuildFile; fileRef = 44BD6CD92C407864001645A0 /* ReviewsCollectionViewCell.swift */; };
		44BD6CDC2C428A2C001645A0 /* ModulesCourseViewController.swift in Sources */ = {isa = PBXBuildFile; fileRef = 44BD6CDB2C428A2C001645A0 /* ModulesCourseViewController.swift */; };
		44BD6CDE2C432C45001645A0 /* DaysCourseCollectionViewCell.swift in Sources */ = {isa = PBXBuildFile; fileRef = 44BD6CDD2C432C45001645A0 /* DaysCourseCollectionViewCell.swift */; };
		44BD6CE02C432C82001645A0 /* ModuleCourseCollectionViewCell.swift in Sources */ = {isa = PBXBuildFile; fileRef = 44BD6CDF2C432C82001645A0 /* ModuleCourseCollectionViewCell.swift */; };
		44BD6CE22C4407E4001645A0 /* CourseTextViewController.swift in Sources */ = {isa = PBXBuildFile; fileRef = 44BD6CE12C4407E4001645A0 /* CourseTextViewController.swift */; };
		44BD6CE42C440974001645A0 /* AddModuleCoursesViewController.swift in Sources */ = {isa = PBXBuildFile; fileRef = 44BD6CE32C440974001645A0 /* AddModuleCoursesViewController.swift */; };
		44D68AF32C4ACC0C00F8F476 /* User.swift in Sources */ = {isa = PBXBuildFile; fileRef = 44D68AF22C4ACC0C00F8F476 /* User.swift */; };
		44D68AF62C5051E100F8F476 /* GoogleSignIn in Frameworks */ = {isa = PBXBuildFile; productRef = 44D68AF52C5051E100F8F476 /* GoogleSignIn */; };
		44D68AF82C5051E100F8F476 /* GoogleSignInSwift in Frameworks */ = {isa = PBXBuildFile; productRef = 44D68AF72C5051E100F8F476 /* GoogleSignInSwift */; };
		44D68AFA2C5056D200F8F476 /* credentials.plist in Resources */ = {isa = PBXBuildFile; fileRef = 44D68AF92C5056D200F8F476 /* credentials.plist */; };
		44DFB1162C3B199A005C8F44 /* RecomendationCollectionViewCell.swift in Sources */ = {isa = PBXBuildFile; fileRef = 44DFB1152C3B199A005C8F44 /* RecomendationCollectionViewCell.swift */; };
		44DFB11B2C3B2637005C8F44 /* loading.json in Resources */ = {isa = PBXBuildFile; fileRef = 44DFB11A2C3B2637005C8F44 /* loading.json */; };
		44DFB11E2C3BE46B005C8F44 /* Lottie in Frameworks */ = {isa = PBXBuildFile; productRef = 44DFB11D2C3BE46B005C8F44 /* Lottie */; };
		44DFB1202C4018FF005C8F44 /* InfoCoursesViewController.swift in Sources */ = {isa = PBXBuildFile; fileRef = 44DFB11F2C4018FF005C8F44 /* InfoCoursesViewController.swift */; };
		44E906342C29A59B00FFA6DD /* HomeViewController.swift in Sources */ = {isa = PBXBuildFile; fileRef = 44E906332C29A59B00FFA6DD /* HomeViewController.swift */; };
		44E906372C2ADE8700FFA6DD /* BannerCollectionViewCell.swift in Sources */ = {isa = PBXBuildFile; fileRef = 44E906362C2ADE8700FFA6DD /* BannerCollectionViewCell.swift */; };
		44E906392C2B647200FFA6DD /* AddCourseViewController.swift in Sources */ = {isa = PBXBuildFile; fileRef = 44E906382C2B647200FFA6DD /* AddCourseViewController.swift */; };
		7508513B2C38763A00F5C0DC /* ChangeInformationViewController.swift in Sources */ = {isa = PBXBuildFile; fileRef = 7508513A2C38763A00F5C0DC /* ChangeInformationViewController.swift */; };
		75106D792C38AFDB0036042B /* InfoAboutMeViewController.swift in Sources */ = {isa = PBXBuildFile; fileRef = 75106D782C38AFDB0036042B /* InfoAboutMeViewController.swift */; };
		7515103C2C343146009978E6 /* ProfileViewController.swift in Sources */ = {isa = PBXBuildFile; fileRef = 7515103B2C343146009978E6 /* ProfileViewController.swift */; };
		7515103F2C34583B009978E6 /* SettingsTableViewCell.swift in Sources */ = {isa = PBXBuildFile; fileRef = 7515103E2C34583B009978E6 /* SettingsTableViewCell.swift */; };
		751510412C34586D009978E6 /* SettingsViewController.swift in Sources */ = {isa = PBXBuildFile; fileRef = 751510402C34586D009978E6 /* SettingsViewController.swift */; };
		753A4F7C2C340DB7007A8194 /* MyCoursesViewController.swift in Sources */ = {isa = PBXBuildFile; fileRef = 753A4F7B2C340DB7007A8194 /* MyCoursesViewController.swift */; };
		753A4F7E2C341E98007A8194 /* Inter-Medium.ttf in Resources */ = {isa = PBXBuildFile; fileRef = 753A4F7D2C341E98007A8194 /* Inter-Medium.ttf */; };
		75D7F3562C4299EF0083DBEF /* UD.swift in Sources */ = {isa = PBXBuildFile; fileRef = 75D7F3552C4299EF0083DBEF /* UD.swift */; };
		75EBED242C497B0F000ECC8B /* AddInfoAboutCourseVC.swift in Sources */ = {isa = PBXBuildFile; fileRef = 75EBED232C497B0F000ECC8B /* AddInfoAboutCourseVC.swift */; };
/* End PBXBuildFile section */

/* Begin PBXCopyFilesBuildPhase section */
		44064CA22C2869A800AB5227 /* Embed Frameworks */ = {
			isa = PBXCopyFilesBuildPhase;
			buildActionMask = 2147483647;
			dstPath = "";
			dstSubfolderSpec = 10;
			files = (
			);
			name = "Embed Frameworks";
			runOnlyForDeploymentPostprocessing = 0;
		};
/* End PBXCopyFilesBuildPhase section */

/* Begin PBXFileReference section */
		44064C742C26ED8E00AB5227 /* Commissioner-Medium.ttf */ = {isa = PBXFileReference; lastKnownFileType = file; path = "Commissioner-Medium.ttf"; sourceTree = "<group>"; };
		44064C762C26ED9500AB5227 /* Commissioner-SemiBold.ttf */ = {isa = PBXFileReference; lastKnownFileType = file; path = "Commissioner-SemiBold.ttf"; sourceTree = "<group>"; };
		44064C782C26ED9D00AB5227 /* Commissioner-Regular.ttf */ = {isa = PBXFileReference; lastKnownFileType = file; path = "Commissioner-Regular.ttf"; sourceTree = "<group>"; };
		44064C7A2C26EEB800AB5227 /* SF-Pro-Rounded-Semibold.otf */ = {isa = PBXFileReference; lastKnownFileType = file; path = "SF-Pro-Rounded-Semibold.otf"; sourceTree = "<group>"; };
		44064C7C2C26EEC100AB5227 /* SF-Pro-Rounded-Regular.otf */ = {isa = PBXFileReference; lastKnownFileType = file; path = "SF-Pro-Rounded-Regular.otf"; sourceTree = "<group>"; };
		44064C7E2C26EEF200AB5227 /* Montserrat-Bold.ttf */ = {isa = PBXFileReference; lastKnownFileType = file; path = "Montserrat-Bold.ttf"; sourceTree = "<group>"; };
		44064C802C26F0E800AB5227 /* Border.swift */ = {isa = PBXFileReference; lastKnownFileType = sourcecode.swift; path = Border.swift; sourceTree = "<group>"; };
		44064C852C26F8A500AB5227 /* Commissioner-VariableFont_wght.ttf */ = {isa = PBXFileReference; lastKnownFileType = file; path = "Commissioner-VariableFont_wght.ttf"; sourceTree = "<group>"; };
		44064C882C27042100AB5227 /* StartViewController.swift */ = {isa = PBXFileReference; lastKnownFileType = sourcecode.swift; path = StartViewController.swift; sourceTree = "<group>"; };
		44064C8A2C28516C00AB5227 /* VhodViewController.swift */ = {isa = PBXFileReference; lastKnownFileType = sourcecode.swift; path = VhodViewController.swift; sourceTree = "<group>"; };
		44064C8C2C285DA600AB5227 /* RegistrViewController.swift */ = {isa = PBXFileReference; lastKnownFileType = sourcecode.swift; path = RegistrViewController.swift; sourceTree = "<group>"; };
		44064C8E2C285F7C00AB5227 /* TextFieldFormat.swift */ = {isa = PBXFileReference; lastKnownFileType = sourcecode.swift; path = TextFieldFormat.swift; sourceTree = "<group>"; };
		44064C9D2C28628000AB5227 /* Sign.swift */ = {isa = PBXFileReference; lastKnownFileType = sourcecode.swift; path = Sign.swift; sourceTree = "<group>"; };
		44064C9F2C28634C00AB5227 /* Model.swift */ = {isa = PBXFileReference; lastKnownFileType = sourcecode.swift; path = Model.swift; sourceTree = "<group>"; };
		44064CA32C2876F200AB5227 /* Errors.swift */ = {isa = PBXFileReference; lastKnownFileType = sourcecode.swift; path = Errors.swift; sourceTree = "<group>"; };
		44064CA52C28773E00AB5227 /* Error.swift */ = {isa = PBXFileReference; lastKnownFileType = sourcecode.swift; path = Error.swift; sourceTree = "<group>"; };
		440DAB302C1748D400C576FB /* Courses.app */ = {isa = PBXFileReference; explicitFileType = wrapper.application; includeInIndex = 0; path = Courses.app; sourceTree = BUILT_PRODUCTS_DIR; };
		440DAB332C1748D400C576FB /* AppDelegate.swift */ = {isa = PBXFileReference; lastKnownFileType = sourcecode.swift; path = AppDelegate.swift; sourceTree = "<group>"; };
		440DAB352C1748D400C576FB /* SceneDelegate.swift */ = {isa = PBXFileReference; lastKnownFileType = sourcecode.swift; path = SceneDelegate.swift; sourceTree = "<group>"; };
		440DAB3A2C1748D400C576FB /* Base */ = {isa = PBXFileReference; lastKnownFileType = file.storyboard; name = Base; path = Base.lproj/Main.storyboard; sourceTree = "<group>"; };
		440DAB3C2C1748D600C576FB /* Assets.xcassets */ = {isa = PBXFileReference; lastKnownFileType = folder.assetcatalog; path = Assets.xcassets; sourceTree = "<group>"; };
		440DAB3F2C1748D600C576FB /* Base */ = {isa = PBXFileReference; lastKnownFileType = file.storyboard; name = Base; path = Base.lproj/LaunchScreen.storyboard; sourceTree = "<group>"; };
		440DAB412C1748D600C576FB /* Info.plist */ = {isa = PBXFileReference; lastKnownFileType = text.plist.xml; path = Info.plist; sourceTree = "<group>"; };
		4442F3D72C31BFDB00203A36 /* PageLayout.swift */ = {isa = PBXFileReference; lastKnownFileType = sourcecode.swift; path = PageLayout.swift; sourceTree = "<group>"; };
		444A07002C2B9D6C008F4E68 /* Extension.swift */ = {isa = PBXFileReference; lastKnownFileType = sourcecode.swift; path = Extension.swift; sourceTree = "<group>"; };
		449CF0D62C33706B000D4528 /* CoursesViewController.swift */ = {isa = PBXFileReference; lastKnownFileType = sourcecode.swift; path = CoursesViewController.swift; sourceTree = "<group>"; };
		449CF0D82C337099000D4528 /* CatalogViewController.swift */ = {isa = PBXFileReference; lastKnownFileType = sourcecode.swift; path = CatalogViewController.swift; sourceTree = "<group>"; };
		449CF0DA2C3370CA000D4528 /* CoursesCollectionViewCell.swift */ = {isa = PBXFileReference; lastKnownFileType = sourcecode.swift; path = CoursesCollectionViewCell.swift; sourceTree = "<group>"; };
		449CF0DC2C3370E0000D4528 /* CategoriesCollectionViewCell.swift */ = {isa = PBXFileReference; lastKnownFileType = sourcecode.swift; path = CategoriesCollectionViewCell.swift; sourceTree = "<group>"; };
		449CF0DE2C337100000D4528 /* Commissioner-Bold.ttf */ = {isa = PBXFileReference; lastKnownFileType = file; path = "Commissioner-Bold.ttf"; sourceTree = "<group>"; };
		44BD6CD92C407864001645A0 /* ReviewsCollectionViewCell.swift */ = {isa = PBXFileReference; lastKnownFileType = sourcecode.swift; path = ReviewsCollectionViewCell.swift; sourceTree = "<group>"; };
		44BD6CDB2C428A2C001645A0 /* ModulesCourseViewController.swift */ = {isa = PBXFileReference; lastKnownFileType = sourcecode.swift; path = ModulesCourseViewController.swift; sourceTree = "<group>"; };
		44BD6CDD2C432C45001645A0 /* DaysCourseCollectionViewCell.swift */ = {isa = PBXFileReference; lastKnownFileType = sourcecode.swift; path = DaysCourseCollectionViewCell.swift; sourceTree = "<group>"; };
		44BD6CDF2C432C82001645A0 /* ModuleCourseCollectionViewCell.swift */ = {isa = PBXFileReference; lastKnownFileType = sourcecode.swift; path = ModuleCourseCollectionViewCell.swift; sourceTree = "<group>"; };
		44BD6CE12C4407E4001645A0 /* CourseTextViewController.swift */ = {isa = PBXFileReference; lastKnownFileType = sourcecode.swift; path = CourseTextViewController.swift; sourceTree = "<group>"; };
		44BD6CE32C440974001645A0 /* AddModuleCoursesViewController.swift */ = {isa = PBXFileReference; lastKnownFileType = sourcecode.swift; path = AddModuleCoursesViewController.swift; sourceTree = "<group>"; };
		44D68AF22C4ACC0C00F8F476 /* User.swift */ = {isa = PBXFileReference; lastKnownFileType = sourcecode.swift; path = User.swift; sourceTree = "<group>"; };
		44D68AF92C5056D200F8F476 /* credentials.plist */ = {isa = PBXFileReference; fileEncoding = 4; lastKnownFileType = text.plist.xml; path = credentials.plist; sourceTree = "<group>"; };
		44DFB1152C3B199A005C8F44 /* RecomendationCollectionViewCell.swift */ = {isa = PBXFileReference; lastKnownFileType = sourcecode.swift; path = RecomendationCollectionViewCell.swift; sourceTree = "<group>"; };
		44DFB11A2C3B2637005C8F44 /* loading.json */ = {isa = PBXFileReference; fileEncoding = 4; lastKnownFileType = text.json; path = loading.json; sourceTree = "<group>"; };
		44DFB11F2C4018FF005C8F44 /* InfoCoursesViewController.swift */ = {isa = PBXFileReference; lastKnownFileType = sourcecode.swift; path = InfoCoursesViewController.swift; sourceTree = "<group>"; };
		44E906332C29A59B00FFA6DD /* HomeViewController.swift */ = {isa = PBXFileReference; lastKnownFileType = sourcecode.swift; path = HomeViewController.swift; sourceTree = "<group>"; };
		44E906362C2ADE8700FFA6DD /* BannerCollectionViewCell.swift */ = {isa = PBXFileReference; lastKnownFileType = sourcecode.swift; path = BannerCollectionViewCell.swift; sourceTree = "<group>"; };
		44E906382C2B647200FFA6DD /* AddCourseViewController.swift */ = {isa = PBXFileReference; lastKnownFileType = sourcecode.swift; path = AddCourseViewController.swift; sourceTree = "<group>"; };
		7508513A2C38763A00F5C0DC /* ChangeInformationViewController.swift */ = {isa = PBXFileReference; lastKnownFileType = sourcecode.swift; path = ChangeInformationViewController.swift; sourceTree = "<group>"; };
		75106D782C38AFDB0036042B /* InfoAboutMeViewController.swift */ = {isa = PBXFileReference; lastKnownFileType = sourcecode.swift; path = InfoAboutMeViewController.swift; sourceTree = "<group>"; };
		7515103B2C343146009978E6 /* ProfileViewController.swift */ = {isa = PBXFileReference; lastKnownFileType = sourcecode.swift; path = ProfileViewController.swift; sourceTree = "<group>"; };
		7515103E2C34583B009978E6 /* SettingsTableViewCell.swift */ = {isa = PBXFileReference; lastKnownFileType = sourcecode.swift; path = SettingsTableViewCell.swift; sourceTree = "<group>"; };
		751510402C34586D009978E6 /* SettingsViewController.swift */ = {isa = PBXFileReference; lastKnownFileType = sourcecode.swift; path = SettingsViewController.swift; sourceTree = "<group>"; };
		753A4F7B2C340DB7007A8194 /* MyCoursesViewController.swift */ = {isa = PBXFileReference; lastKnownFileType = sourcecode.swift; path = MyCoursesViewController.swift; sourceTree = "<group>"; };
		753A4F7D2C341E98007A8194 /* Inter-Medium.ttf */ = {isa = PBXFileReference; lastKnownFileType = file; path = "Inter-Medium.ttf"; sourceTree = "<group>"; };
		75D7F3552C4299EF0083DBEF /* UD.swift */ = {isa = PBXFileReference; lastKnownFileType = sourcecode.swift; path = UD.swift; sourceTree = "<group>"; };
		75EBED232C497B0F000ECC8B /* AddInfoAboutCourseVC.swift */ = {isa = PBXFileReference; lastKnownFileType = sourcecode.swift; path = AddInfoAboutCourseVC.swift; sourceTree = "<group>"; };
/* End PBXFileReference section */

/* Begin PBXFrameworksBuildPhase section */
		440DAB2D2C1748D400C576FB /* Frameworks */ = {
			isa = PBXFrameworksBuildPhase;
			buildActionMask = 2147483647;
			files = (
				44DFB11E2C3BE46B005C8F44 /* Lottie in Frameworks */,
				44064C972C2861CA00AB5227 /* SwiftyJSON in Frameworks */,
				44D68AF82C5051E100F8F476 /* GoogleSignInSwift in Frameworks */,
				44064C9C2C2861D700AB5227 /* SDWebImageMapKit in Frameworks */,
				44064C922C2861B900AB5227 /* Alamofire in Frameworks */,
				44064C9A2C2861D700AB5227 /* SDWebImage in Frameworks */,
				44D68AF62C5051E100F8F476 /* GoogleSignIn in Frameworks */,
			);
			runOnlyForDeploymentPostprocessing = 0;
		};
/* End PBXFrameworksBuildPhase section */

/* Begin PBXGroup section */
		44064C712C26ED4F00AB5227 /* Fonts */ = {
			isa = PBXGroup;
			children = (
				44064C742C26ED8E00AB5227 /* Commissioner-Medium.ttf */,
				449CF0DE2C337100000D4528 /* Commissioner-Bold.ttf */,
				44064C762C26ED9500AB5227 /* Commissioner-SemiBold.ttf */,
				753A4F7D2C341E98007A8194 /* Inter-Medium.ttf */,
				44064C852C26F8A500AB5227 /* Commissioner-VariableFont_wght.ttf */,
				44064C782C26ED9D00AB5227 /* Commissioner-Regular.ttf */,
				44064C7A2C26EEB800AB5227 /* SF-Pro-Rounded-Semibold.otf */,
				44064C7C2C26EEC100AB5227 /* SF-Pro-Rounded-Regular.otf */,
				44064C7E2C26EEF200AB5227 /* Montserrat-Bold.ttf */,
			);
			path = Fonts;
			sourceTree = "<group>";
		};
		44064C872C27040B00AB5227 /* StartScreens */ = {
			isa = PBXGroup;
			children = (
				44064C882C27042100AB5227 /* StartViewController.swift */,
				44064C8A2C28516C00AB5227 /* VhodViewController.swift */,
				44064C8C2C285DA600AB5227 /* RegistrViewController.swift */,
			);
			path = StartScreens;
			sourceTree = "<group>";
		};
		440DAB272C1748D400C576FB = {
			isa = PBXGroup;
			children = (
				440DAB322C1748D400C576FB /* Courses */,
				440DAB312C1748D400C576FB /* Products */,
			);
			sourceTree = "<group>";
		};
		440DAB312C1748D400C576FB /* Products */ = {
			isa = PBXGroup;
			children = (
				440DAB302C1748D400C576FB /* Courses.app */,
			);
			name = Products;
			sourceTree = "<group>";
		};
		440DAB322C1748D400C576FB /* Courses */ = {
			isa = PBXGroup;
			children = (
				440DAB472C17491600C576FB /* Model */,
				440DAB482C17491D00C576FB /* Views */,
				440DAB492C17492900C576FB /* Controllers */,
				440DAB392C1748D400C576FB /* Main.storyboard */,
				440DAB3C2C1748D600C576FB /* Assets.xcassets */,
				440DAB332C1748D400C576FB /* AppDelegate.swift */,
				440DAB352C1748D400C576FB /* SceneDelegate.swift */,
				44D68AF92C5056D200F8F476 /* credentials.plist */,
				440DAB412C1748D600C576FB /* Info.plist */,
				440DAB3E2C1748D600C576FB /* LaunchScreen.storyboard */,
				7515103D2C345816009978E6 /* TableViewCells */,
				44E906352C2ADE5900FFA6DD /* CollectionViewCells */,
				44064C712C26ED4F00AB5227 /* Fonts */,
				44DFB1172C3B1FC1005C8F44 /* Animation */,
			);
			path = Courses;
			sourceTree = "<group>";
		};
		440DAB472C17491600C576FB /* Model */ = {
			isa = PBXGroup;
			children = (
				44064C9D2C28628000AB5227 /* Sign.swift */,
				44064C9F2C28634C00AB5227 /* Model.swift */,
				44064CA52C28773E00AB5227 /* Error.swift */,
				444A07002C2B9D6C008F4E68 /* Extension.swift */,
				75D7F3552C4299EF0083DBEF /* UD.swift */,
				44D68AF22C4ACC0C00F8F476 /* User.swift */,
			);
			path = Model;
			sourceTree = "<group>";
		};
		440DAB482C17491D00C576FB /* Views */ = {
			isa = PBXGroup;
			children = (
				44064C802C26F0E800AB5227 /* Border.swift */,
				44064C8E2C285F7C00AB5227 /* TextFieldFormat.swift */,
				44064CA32C2876F200AB5227 /* Errors.swift */,
				4442F3D72C31BFDB00203A36 /* PageLayout.swift */,
			);
			path = Views;
			sourceTree = "<group>";
		};
		440DAB492C17492900C576FB /* Controllers */ = {
			isa = PBXGroup;
			children = (
				753A4F7A2C340C73007A8194 /* OtherScreens */,
				753A4F792C340A90007A8194 /* TabBarScreens */,
				44064C872C27040B00AB5227 /* StartScreens */,
			);
			path = Controllers;
			sourceTree = "<group>";
		};
		44DFB1172C3B1FC1005C8F44 /* Animation */ = {
			isa = PBXGroup;
			children = (
				44DFB11A2C3B2637005C8F44 /* loading.json */,
			);
			path = Animation;
			sourceTree = "<group>";
		};
		44E906352C2ADE5900FFA6DD /* CollectionViewCells */ = {
			isa = PBXGroup;
			children = (
				44E906362C2ADE8700FFA6DD /* BannerCollectionViewCell.swift */,
				449CF0DA2C3370CA000D4528 /* CoursesCollectionViewCell.swift */,
				449CF0DC2C3370E0000D4528 /* CategoriesCollectionViewCell.swift */,
				44DFB1152C3B199A005C8F44 /* RecomendationCollectionViewCell.swift */,
				44BD6CD92C407864001645A0 /* ReviewsCollectionViewCell.swift */,
				44BD6CDD2C432C45001645A0 /* DaysCourseCollectionViewCell.swift */,
				44BD6CDF2C432C82001645A0 /* ModuleCourseCollectionViewCell.swift */,
			);
			path = CollectionViewCells;
			sourceTree = "<group>";
		};
		7515103D2C345816009978E6 /* TableViewCells */ = {
			isa = PBXGroup;
			children = (
				7515103E2C34583B009978E6 /* SettingsTableViewCell.swift */,
			);
			path = TableViewCells;
			sourceTree = "<group>";
		};
		753A4F792C340A90007A8194 /* TabBarScreens */ = {
			isa = PBXGroup;
			children = (
				753A4F7B2C340DB7007A8194 /* MyCoursesViewController.swift */,
				44E906332C29A59B00FFA6DD /* HomeViewController.swift */,
				449CF0D82C337099000D4528 /* CatalogViewController.swift */,
				7515103B2C343146009978E6 /* ProfileViewController.swift */,
				751510402C34586D009978E6 /* SettingsViewController.swift */,
			);
			path = TabBarScreens;
			sourceTree = "<group>";
		};
		753A4F7A2C340C73007A8194 /* OtherScreens */ = {
			isa = PBXGroup;
			children = (
				449CF0D62C33706B000D4528 /* CoursesViewController.swift */,
				44E906382C2B647200FFA6DD /* AddCourseViewController.swift */,
				7508513A2C38763A00F5C0DC /* ChangeInformationViewController.swift */,
				75106D782C38AFDB0036042B /* InfoAboutMeViewController.swift */,
				44DFB11F2C4018FF005C8F44 /* InfoCoursesViewController.swift */,
				44BD6CDB2C428A2C001645A0 /* ModulesCourseViewController.swift */,
				44BD6CE12C4407E4001645A0 /* CourseTextViewController.swift */,
				44BD6CE32C440974001645A0 /* AddModuleCoursesViewController.swift */,
				75EBED232C497B0F000ECC8B /* AddInfoAboutCourseVC.swift */,
			);
			path = OtherScreens;
			sourceTree = "<group>";
		};
/* End PBXGroup section */

/* Begin PBXNativeTarget section */
		440DAB2F2C1748D400C576FB /* Courses */ = {
			isa = PBXNativeTarget;
			buildConfigurationList = 440DAB442C1748D600C576FB /* Build configuration list for PBXNativeTarget "Courses" */;
			buildPhases = (
				440DAB2C2C1748D400C576FB /* Sources */,
				440DAB2D2C1748D400C576FB /* Frameworks */,
				440DAB2E2C1748D400C576FB /* Resources */,
				44064CA22C2869A800AB5227 /* Embed Frameworks */,
			);
			buildRules = (
			);
			dependencies = (
			);
			name = Courses;
			packageProductDependencies = (
				44064C912C2861B900AB5227 /* Alamofire */,
				44064C962C2861CA00AB5227 /* SwiftyJSON */,
				44064C992C2861D700AB5227 /* SDWebImage */,
				44064C9B2C2861D700AB5227 /* SDWebImageMapKit */,
				44DFB11D2C3BE46B005C8F44 /* Lottie */,
				44D68AF52C5051E100F8F476 /* GoogleSignIn */,
				44D68AF72C5051E100F8F476 /* GoogleSignInSwift */,
			);
			productName = Courses;
			productReference = 440DAB302C1748D400C576FB /* Courses.app */;
			productType = "com.apple.product-type.application";
		};
/* End PBXNativeTarget section */

/* Begin PBXProject section */
		440DAB282C1748D400C576FB /* Project object */ = {
			isa = PBXProject;
			attributes = {
				BuildIndependentTargetsInParallel = 1;
				LastSwiftUpdateCheck = 1540;
				LastUpgradeCheck = 1540;
				TargetAttributes = {
					440DAB2F2C1748D400C576FB = {
						CreatedOnToolsVersion = 15.4;
					};
				};
			};
			buildConfigurationList = 440DAB2B2C1748D400C576FB /* Build configuration list for PBXProject "Courses" */;
			compatibilityVersion = "Xcode 14.0";
			developmentRegion = en;
			hasScannedForEncodings = 0;
			knownRegions = (
				en,
				Base,
			);
			mainGroup = 440DAB272C1748D400C576FB;
			packageReferences = (
				44064C902C2861B900AB5227 /* XCRemoteSwiftPackageReference "Alamofire" */,
				44064C952C2861CA00AB5227 /* XCRemoteSwiftPackageReference "SwiftyJSON" */,
				44064C982C2861D700AB5227 /* XCRemoteSwiftPackageReference "SDWebImage" */,
				44DFB11C2C3BE46A005C8F44 /* XCRemoteSwiftPackageReference "lottie-ios" */,
				44D68AF42C5051E100F8F476 /* XCRemoteSwiftPackageReference "GoogleSignIn-iOS" */,
			);
			productRefGroup = 440DAB312C1748D400C576FB /* Products */;
			projectDirPath = "";
			projectRoot = "";
			targets = (
				440DAB2F2C1748D400C576FB /* Courses */,
			);
		};
/* End PBXProject section */

/* Begin PBXResourcesBuildPhase section */
		440DAB2E2C1748D400C576FB /* Resources */ = {
			isa = PBXResourcesBuildPhase;
			buildActionMask = 2147483647;
			files = (
				44064C7F2C26EEF200AB5227 /* Montserrat-Bold.ttf in Resources */,
				440DAB3D2C1748D600C576FB /* Assets.xcassets in Resources */,
				440DAB402C1748D600C576FB /* Base in Resources */,
				449CF0DF2C337100000D4528 /* Commissioner-Bold.ttf in Resources */,
				440DAB3B2C1748D400C576FB /* Base in Resources */,
				44D68AFA2C5056D200F8F476 /* credentials.plist in Resources */,
				44064C7B2C26EEB800AB5227 /* SF-Pro-Rounded-Semibold.otf in Resources */,
				44DFB11B2C3B2637005C8F44 /* loading.json in Resources */,
				44064C752C26ED8E00AB5227 /* Commissioner-Medium.ttf in Resources */,
				44064C7D2C26EEC100AB5227 /* SF-Pro-Rounded-Regular.otf in Resources */,
				753A4F7E2C341E98007A8194 /* Inter-Medium.ttf in Resources */,
				44064C792C26ED9D00AB5227 /* Commissioner-Regular.ttf in Resources */,
				44064C862C26F8A500AB5227 /* Commissioner-VariableFont_wght.ttf in Resources */,
				44064C772C26ED9500AB5227 /* Commissioner-SemiBold.ttf in Resources */,
			);
			runOnlyForDeploymentPostprocessing = 0;
		};
/* End PBXResourcesBuildPhase section */

/* Begin PBXSourcesBuildPhase section */
		440DAB2C2C1748D400C576FB /* Sources */ = {
			isa = PBXSourcesBuildPhase;
			buildActionMask = 2147483647;
			files = (
				444A07012C2B9D6C008F4E68 /* Extension.swift in Sources */,
				440DAB342C1748D400C576FB /* AppDelegate.swift in Sources */,
				75106D792C38AFDB0036042B /* InfoAboutMeViewController.swift in Sources */,
				44064C8D2C285DA600AB5227 /* RegistrViewController.swift in Sources */,
				44064CA02C28634C00AB5227 /* Model.swift in Sources */,
				449CF0D72C33706B000D4528 /* CoursesViewController.swift in Sources */,
				44064CA62C28773E00AB5227 /* Error.swift in Sources */,
				75EBED242C497B0F000ECC8B /* AddInfoAboutCourseVC.swift in Sources */,
				7515103C2C343146009978E6 /* ProfileViewController.swift in Sources */,
				44BD6CE22C4407E4001645A0 /* CourseTextViewController.swift in Sources */,
				75D7F3562C4299EF0083DBEF /* UD.swift in Sources */,
				449CF0D92C337099000D4528 /* CatalogViewController.swift in Sources */,
				44BD6CDE2C432C45001645A0 /* DaysCourseCollectionViewCell.swift in Sources */,
				44DFB1162C3B199A005C8F44 /* RecomendationCollectionViewCell.swift in Sources */,
				449CF0DB2C3370CA000D4528 /* CoursesCollectionViewCell.swift in Sources */,
				44064C892C27042100AB5227 /* StartViewController.swift in Sources */,
				44BD6CE02C432C82001645A0 /* ModuleCourseCollectionViewCell.swift in Sources */,
				4442F3D82C31BFDB00203A36 /* PageLayout.swift in Sources */,
				44DFB1202C4018FF005C8F44 /* InfoCoursesViewController.swift in Sources */,
				44E906372C2ADE8700FFA6DD /* BannerCollectionViewCell.swift in Sources */,
				44064C812C26F0E800AB5227 /* Border.swift in Sources */,
				44064C8F2C285F7C00AB5227 /* TextFieldFormat.swift in Sources */,
				44BD6CDA2C407864001645A0 /* ReviewsCollectionViewCell.swift in Sources */,
				44D68AF32C4ACC0C00F8F476 /* User.swift in Sources */,
				753A4F7C2C340DB7007A8194 /* MyCoursesViewController.swift in Sources */,
				44064CA42C2876F200AB5227 /* Errors.swift in Sources */,
				449CF0DD2C3370E0000D4528 /* CategoriesCollectionViewCell.swift in Sources */,
				44BD6CE42C440974001645A0 /* AddModuleCoursesViewController.swift in Sources */,
				7508513B2C38763A00F5C0DC /* ChangeInformationViewController.swift in Sources */,
				440DAB362C1748D400C576FB /* SceneDelegate.swift in Sources */,
				44064C9E2C28628000AB5227 /* Sign.swift in Sources */,
				44064C8B2C28516C00AB5227 /* VhodViewController.swift in Sources */,
				44BD6CDC2C428A2C001645A0 /* ModulesCourseViewController.swift in Sources */,
				7515103F2C34583B009978E6 /* SettingsTableViewCell.swift in Sources */,
				44E906342C29A59B00FFA6DD /* HomeViewController.swift in Sources */,
				44E906392C2B647200FFA6DD /* AddCourseViewController.swift in Sources */,
				751510412C34586D009978E6 /* SettingsViewController.swift in Sources */,
			);
			runOnlyForDeploymentPostprocessing = 0;
		};
/* End PBXSourcesBuildPhase section */

/* Begin PBXVariantGroup section */
		440DAB392C1748D400C576FB /* Main.storyboard */ = {
			isa = PBXVariantGroup;
			children = (
				440DAB3A2C1748D400C576FB /* Base */,
			);
			name = Main.storyboard;
			sourceTree = "<group>";
		};
		440DAB3E2C1748D600C576FB /* LaunchScreen.storyboard */ = {
			isa = PBXVariantGroup;
			children = (
				440DAB3F2C1748D600C576FB /* Base */,
			);
			name = LaunchScreen.storyboard;
			sourceTree = "<group>";
		};
/* End PBXVariantGroup section */

/* Begin XCBuildConfiguration section */
		440DAB422C1748D600C576FB /* Debug */ = {
			isa = XCBuildConfiguration;
			buildSettings = {
				ALWAYS_SEARCH_USER_PATHS = NO;
				ASSETCATALOG_COMPILER_GENERATE_SWIFT_ASSET_SYMBOL_EXTENSIONS = YES;
				CLANG_ANALYZER_NONNULL = YES;
				CLANG_ANALYZER_NUMBER_OBJECT_CONVERSION = YES_AGGRESSIVE;
				CLANG_CXX_LANGUAGE_STANDARD = "gnu++20";
				CLANG_ENABLE_MODULES = YES;
				CLANG_ENABLE_OBJC_ARC = YES;
				CLANG_ENABLE_OBJC_WEAK = YES;
				CLANG_WARN_BLOCK_CAPTURE_AUTORELEASING = YES;
				CLANG_WARN_BOOL_CONVERSION = YES;
				CLANG_WARN_COMMA = YES;
				CLANG_WARN_CONSTANT_CONVERSION = YES;
				CLANG_WARN_DEPRECATED_OBJC_IMPLEMENTATIONS = YES;
				CLANG_WARN_DIRECT_OBJC_ISA_USAGE = YES_ERROR;
				CLANG_WARN_DOCUMENTATION_COMMENTS = YES;
				CLANG_WARN_EMPTY_BODY = YES;
				CLANG_WARN_ENUM_CONVERSION = YES;
				CLANG_WARN_INFINITE_RECURSION = YES;
				CLANG_WARN_INT_CONVERSION = YES;
				CLANG_WARN_NON_LITERAL_NULL_CONVERSION = YES;
				CLANG_WARN_OBJC_IMPLICIT_RETAIN_SELF = YES;
				CLANG_WARN_OBJC_LITERAL_CONVERSION = YES;
				CLANG_WARN_OBJC_ROOT_CLASS = YES_ERROR;
				CLANG_WARN_QUOTED_INCLUDE_IN_FRAMEWORK_HEADER = YES;
				CLANG_WARN_RANGE_LOOP_ANALYSIS = YES;
				CLANG_WARN_STRICT_PROTOTYPES = YES;
				CLANG_WARN_SUSPICIOUS_MOVE = YES;
				CLANG_WARN_UNGUARDED_AVAILABILITY = YES_AGGRESSIVE;
				CLANG_WARN_UNREACHABLE_CODE = YES;
				CLANG_WARN__DUPLICATE_METHOD_MATCH = YES;
				COPY_PHASE_STRIP = NO;
				DEBUG_INFORMATION_FORMAT = dwarf;
				ENABLE_STRICT_OBJC_MSGSEND = YES;
				ENABLE_TESTABILITY = YES;
				ENABLE_USER_SCRIPT_SANDBOXING = YES;
				GCC_C_LANGUAGE_STANDARD = gnu17;
				GCC_DYNAMIC_NO_PIC = NO;
				GCC_NO_COMMON_BLOCKS = YES;
				GCC_OPTIMIZATION_LEVEL = 0;
				GCC_PREPROCESSOR_DEFINITIONS = (
					"DEBUG=1",
					"$(inherited)",
				);
				GCC_WARN_64_TO_32_BIT_CONVERSION = YES;
				GCC_WARN_ABOUT_RETURN_TYPE = YES_ERROR;
				GCC_WARN_UNDECLARED_SELECTOR = YES;
				GCC_WARN_UNINITIALIZED_AUTOS = YES_AGGRESSIVE;
				GCC_WARN_UNUSED_FUNCTION = YES;
				GCC_WARN_UNUSED_VARIABLE = YES;
				IPHONEOS_DEPLOYMENT_TARGET = 17.5;
				LOCALIZATION_PREFERS_STRING_CATALOGS = YES;
				MTL_ENABLE_DEBUG_INFO = INCLUDE_SOURCE;
				MTL_FAST_MATH = YES;
				ONLY_ACTIVE_ARCH = YES;
				SDKROOT = iphoneos;
				SWIFT_ACTIVE_COMPILATION_CONDITIONS = "DEBUG $(inherited)";
				SWIFT_OPTIMIZATION_LEVEL = "-Onone";
			};
			name = Debug;
		};
		440DAB432C1748D600C576FB /* Release */ = {
			isa = XCBuildConfiguration;
			buildSettings = {
				ALWAYS_SEARCH_USER_PATHS = NO;
				ASSETCATALOG_COMPILER_GENERATE_SWIFT_ASSET_SYMBOL_EXTENSIONS = YES;
				CLANG_ANALYZER_NONNULL = YES;
				CLANG_ANALYZER_NUMBER_OBJECT_CONVERSION = YES_AGGRESSIVE;
				CLANG_CXX_LANGUAGE_STANDARD = "gnu++20";
				CLANG_ENABLE_MODULES = YES;
				CLANG_ENABLE_OBJC_ARC = YES;
				CLANG_ENABLE_OBJC_WEAK = YES;
				CLANG_WARN_BLOCK_CAPTURE_AUTORELEASING = YES;
				CLANG_WARN_BOOL_CONVERSION = YES;
				CLANG_WARN_COMMA = YES;
				CLANG_WARN_CONSTANT_CONVERSION = YES;
				CLANG_WARN_DEPRECATED_OBJC_IMPLEMENTATIONS = YES;
				CLANG_WARN_DIRECT_OBJC_ISA_USAGE = YES_ERROR;
				CLANG_WARN_DOCUMENTATION_COMMENTS = YES;
				CLANG_WARN_EMPTY_BODY = YES;
				CLANG_WARN_ENUM_CONVERSION = YES;
				CLANG_WARN_INFINITE_RECURSION = YES;
				CLANG_WARN_INT_CONVERSION = YES;
				CLANG_WARN_NON_LITERAL_NULL_CONVERSION = YES;
				CLANG_WARN_OBJC_IMPLICIT_RETAIN_SELF = YES;
				CLANG_WARN_OBJC_LITERAL_CONVERSION = YES;
				CLANG_WARN_OBJC_ROOT_CLASS = YES_ERROR;
				CLANG_WARN_QUOTED_INCLUDE_IN_FRAMEWORK_HEADER = YES;
				CLANG_WARN_RANGE_LOOP_ANALYSIS = YES;
				CLANG_WARN_STRICT_PROTOTYPES = YES;
				CLANG_WARN_SUSPICIOUS_MOVE = YES;
				CLANG_WARN_UNGUARDED_AVAILABILITY = YES_AGGRESSIVE;
				CLANG_WARN_UNREACHABLE_CODE = YES;
				CLANG_WARN__DUPLICATE_METHOD_MATCH = YES;
				COPY_PHASE_STRIP = NO;
				DEBUG_INFORMATION_FORMAT = "dwarf-with-dsym";
				ENABLE_NS_ASSERTIONS = NO;
				ENABLE_STRICT_OBJC_MSGSEND = YES;
				ENABLE_USER_SCRIPT_SANDBOXING = YES;
				GCC_C_LANGUAGE_STANDARD = gnu17;
				GCC_NO_COMMON_BLOCKS = YES;
				GCC_WARN_64_TO_32_BIT_CONVERSION = YES;
				GCC_WARN_ABOUT_RETURN_TYPE = YES_ERROR;
				GCC_WARN_UNDECLARED_SELECTOR = YES;
				GCC_WARN_UNINITIALIZED_AUTOS = YES_AGGRESSIVE;
				GCC_WARN_UNUSED_FUNCTION = YES;
				GCC_WARN_UNUSED_VARIABLE = YES;
				IPHONEOS_DEPLOYMENT_TARGET = 17.5;
				LOCALIZATION_PREFERS_STRING_CATALOGS = YES;
				MTL_ENABLE_DEBUG_INFO = NO;
				MTL_FAST_MATH = YES;
				SDKROOT = iphoneos;
				SWIFT_COMPILATION_MODE = wholemodule;
				VALIDATE_PRODUCT = YES;
			};
			name = Release;
		};
		440DAB452C1748D600C576FB /* Debug */ = {
			isa = XCBuildConfiguration;
			buildSettings = {
				ASSETCATALOG_COMPILER_APPICON_NAME = AppIcon;
				ASSETCATALOG_COMPILER_GLOBAL_ACCENT_COLOR_NAME = AccentColor;
				CODE_SIGN_STYLE = Automatic;
				CURRENT_PROJECT_VERSION = 1;
				DEVELOPMENT_TEAM = DKHFV79UK7;
				GENERATE_INFOPLIST_FILE = YES;
				INFOPLIST_FILE = Courses/Info.plist;
				INFOPLIST_KEY_CFBundleDisplayName = Stride;
				INFOPLIST_KEY_UIApplicationSupportsIndirectInputEvents = YES;
				INFOPLIST_KEY_UILaunchStoryboardName = LaunchScreen;
				INFOPLIST_KEY_UIMainStoryboardFile = Main;
				INFOPLIST_KEY_UIStatusBarStyle = "";
				INFOPLIST_KEY_UISupportedInterfaceOrientations = UIInterfaceOrientationPortrait;
				LD_RUNPATH_SEARCH_PATHS = (
					"$(inherited)",
					"@executable_path/Frameworks",
				);
				MARKETING_VERSION = 1.0;
				PRODUCT_BUNDLE_IDENTIFIER = com.courses.Stride;
				PRODUCT_NAME = "$(TARGET_NAME)";
				SUPPORTED_PLATFORMS = "iphoneos iphonesimulator";
				SUPPORTS_MACCATALYST = NO;
				SUPPORTS_MAC_DESIGNED_FOR_IPHONE_IPAD = NO;
				SUPPORTS_XR_DESIGNED_FOR_IPHONE_IPAD = NO;
				SWIFT_EMIT_LOC_STRINGS = YES;
				SWIFT_VERSION = 5.0;
				TARGETED_DEVICE_FAMILY = "1,2";
			};
			name = Debug;
		};
		440DAB462C1748D600C576FB /* Release */ = {
			isa = XCBuildConfiguration;
			buildSettings = {
				ASSETCATALOG_COMPILER_APPICON_NAME = AppIcon;
				ASSETCATALOG_COMPILER_GLOBAL_ACCENT_COLOR_NAME = AccentColor;
				CODE_SIGN_STYLE = Automatic;
				CURRENT_PROJECT_VERSION = 1;
				DEVELOPMENT_TEAM = DKHFV79UK7;
				GENERATE_INFOPLIST_FILE = YES;
				INFOPLIST_FILE = Courses/Info.plist;
				INFOPLIST_KEY_CFBundleDisplayName = Stride;
				INFOPLIST_KEY_UIApplicationSupportsIndirectInputEvents = YES;
				INFOPLIST_KEY_UILaunchStoryboardName = LaunchScreen;
				INFOPLIST_KEY_UIMainStoryboardFile = Main;
				INFOPLIST_KEY_UIStatusBarStyle = "";
				INFOPLIST_KEY_UISupportedInterfaceOrientations = UIInterfaceOrientationPortrait;
				LD_RUNPATH_SEARCH_PATHS = (
					"$(inherited)",
					"@executable_path/Frameworks",
				);
				MARKETING_VERSION = 1.0;
				PRODUCT_BUNDLE_IDENTIFIER = com.courses.Stride;
				PRODUCT_NAME = "$(TARGET_NAME)";
				SUPPORTED_PLATFORMS = "iphoneos iphonesimulator";
				SUPPORTS_MACCATALYST = NO;
				SUPPORTS_MAC_DESIGNED_FOR_IPHONE_IPAD = NO;
				SUPPORTS_XR_DESIGNED_FOR_IPHONE_IPAD = NO;
				SWIFT_EMIT_LOC_STRINGS = YES;
				SWIFT_VERSION = 5.0;
				TARGETED_DEVICE_FAMILY = "1,2";
			};
			name = Release;
		};
/* End XCBuildConfiguration section */

/* Begin XCConfigurationList section */
		440DAB2B2C1748D400C576FB /* Build configuration list for PBXProject "Courses" */ = {
			isa = XCConfigurationList;
			buildConfigurations = (
				440DAB422C1748D600C576FB /* Debug */,
				440DAB432C1748D600C576FB /* Release */,
			);
			defaultConfigurationIsVisible = 0;
			defaultConfigurationName = Release;
		};
		440DAB442C1748D600C576FB /* Build configuration list for PBXNativeTarget "Courses" */ = {
			isa = XCConfigurationList;
			buildConfigurations = (
				440DAB452C1748D600C576FB /* Debug */,
				440DAB462C1748D600C576FB /* Release */,
			);
			defaultConfigurationIsVisible = 0;
			defaultConfigurationName = Release;
		};
/* End XCConfigurationList section */

/* Begin XCRemoteSwiftPackageReference section */
		44064C902C2861B900AB5227 /* XCRemoteSwiftPackageReference "Alamofire" */ = {
			isa = XCRemoteSwiftPackageReference;
			repositoryURL = "https://github.com/Alamofire/Alamofire.git";
			requirement = {
				kind = upToNextMajorVersion;
				minimumVersion = 5.9.1;
			};
		};
		44064C952C2861CA00AB5227 /* XCRemoteSwiftPackageReference "SwiftyJSON" */ = {
			isa = XCRemoteSwiftPackageReference;
			repositoryURL = "https://github.com/SwiftyJSON/SwiftyJSON.git";
			requirement = {
				kind = upToNextMajorVersion;
				minimumVersion = 5.0.2;
			};
		};
		44064C982C2861D700AB5227 /* XCRemoteSwiftPackageReference "SDWebImage" */ = {
			isa = XCRemoteSwiftPackageReference;
			repositoryURL = "https://github.com/SDWebImage/SDWebImage.git";
			requirement = {
				kind = upToNextMajorVersion;
				minimumVersion = 5.19.3;
			};
		};
		44D68AF42C5051E100F8F476 /* XCRemoteSwiftPackageReference "GoogleSignIn-iOS" */ = {
			isa = XCRemoteSwiftPackageReference;
			repositoryURL = "https://github.com/google/GoogleSignIn-iOS";
			requirement = {
				kind = upToNextMajorVersion;
				minimumVersion = 7.1.0;
			};
		};
		44DFB11C2C3BE46A005C8F44 /* XCRemoteSwiftPackageReference "lottie-ios" */ = {
			isa = XCRemoteSwiftPackageReference;
			repositoryURL = "https://github.com/airbnb/lottie-ios.git";
			requirement = {
				kind = upToNextMajorVersion;
				minimumVersion = 4.4.3;
			};
		};
/* End XCRemoteSwiftPackageReference section */

/* Begin XCSwiftPackageProductDependency section */
		44064C912C2861B900AB5227 /* Alamofire */ = {
			isa = XCSwiftPackageProductDependency;
			package = 44064C902C2861B900AB5227 /* XCRemoteSwiftPackageReference "Alamofire" */;
			productName = Alamofire;
		};
		44064C962C2861CA00AB5227 /* SwiftyJSON */ = {
			isa = XCSwiftPackageProductDependency;
			package = 44064C952C2861CA00AB5227 /* XCRemoteSwiftPackageReference "SwiftyJSON" */;
			productName = SwiftyJSON;
		};
		44064C992C2861D700AB5227 /* SDWebImage */ = {
			isa = XCSwiftPackageProductDependency;
			package = 44064C982C2861D700AB5227 /* XCRemoteSwiftPackageReference "SDWebImage" */;
			productName = SDWebImage;
		};
		44064C9B2C2861D700AB5227 /* SDWebImageMapKit */ = {
			isa = XCSwiftPackageProductDependency;
			package = 44064C982C2861D700AB5227 /* XCRemoteSwiftPackageReference "SDWebImage" */;
			productName = SDWebImageMapKit;
		};
		44D68AF52C5051E100F8F476 /* GoogleSignIn */ = {
			isa = XCSwiftPackageProductDependency;
			package = 44D68AF42C5051E100F8F476 /* XCRemoteSwiftPackageReference "GoogleSignIn-iOS" */;
			productName = GoogleSignIn;
		};
		44D68AF72C5051E100F8F476 /* GoogleSignInSwift */ = {
			isa = XCSwiftPackageProductDependency;
			package = 44D68AF42C5051E100F8F476 /* XCRemoteSwiftPackageReference "GoogleSignIn-iOS" */;
			productName = GoogleSignInSwift;
		};
		44DFB11D2C3BE46B005C8F44 /* Lottie */ = {
			isa = XCSwiftPackageProductDependency;
			package = 44DFB11C2C3BE46A005C8F44 /* XCRemoteSwiftPackageReference "lottie-ios" */;
			productName = Lottie;
		};
/* End XCSwiftPackageProductDependency section */
	};
	rootObject = 440DAB282C1748D400C576FB /* Project object */;
}
